
Microsoft Visual Studio Solution File, Format Version 12.00
Project("{FAE04EC0-301F-11D3-BF4B-00C04F79EFBC}") = "Summarization", "Summarization\Summarization.csproj", "{49EB47E8-8035-4349-B191-CF0BD59C6640}"
EndProject
Project("{FAE04EC0-301F-11D3-BF4B-00C04F79EFBC}") = "Embeddings", "Embeddings\Embeddings.csproj", "{0C8AD49C-EEB0-4286-8394-15285851B0AD}"
EndProject
Project("{FAE04EC0-301F-11D3-BF4B-00C04F79EFBC}") = "SpeechRecognition", "SpeechRecognition\SpeechRecognition.csproj", "{37D8A357-BFE3-4001-B52C-496573A37B74}"
EndProject
Global
	GlobalSection(SolutionConfigurationPlatforms) = preSolution
		Debug|Any CPU = Debug|Any CPU
		Release|Any CPU = Release|Any CPU
	EndGlobalSection
	GlobalSection(ProjectConfigurationPlatforms) = postSolution
		{49EB47E8-8035-4349-B191-CF0BD59C6640}.Debug|Any CPU.ActiveCfg = Debug|Any CPU
		{49EB47E8-8035-4349-B191-CF0BD59C6640}.Debug|Any CPU.Build.0 = Debug|Any CPU
		{49EB47E8-8035-4349-B191-CF0BD59C6640}.Release|Any CPU.ActiveCfg = Release|Any CPU
		{49EB47E8-8035-4349-B191-CF0BD59C6640}.Release|Any CPU.Build.0 = Release|Any CPU
		{0C8AD49C-EEB0-4286-8394-15285851B0AD}.Debug|Any CPU.ActiveCfg = Debug|Any CPU
		{0C8AD49C-EEB0-4286-8394-15285851B0AD}.Debug|Any CPU.Build.0 = Debug|Any CPU
		{0C8AD49C-EEB0-4286-8394-15285851B0AD}.Release|Any CPU.ActiveCfg = Release|Any CPU
		{0C8AD49C-EEB0-4286-8394-15285851B0AD}.Release|Any CPU.Build.0 = Release|Any CPU
		{37D8A357-BFE3-4001-B52C-496573A37B74}.Debug|Any CPU.ActiveCfg = Debug|Any CPU
		{37D8A357-BFE3-4001-B52C-496573A37B74}.Debug|Any CPU.Build.0 = Debug|Any CPU
		{37D8A357-BFE3-4001-B52C-496573A37B74}.Release|Any CPU.ActiveCfg = Release|Any CPU
		{37D8A357-BFE3-4001-B52C-496573A37B74}.Release|Any CPU.Build.0 = Release|Any CPU
	EndGlobalSection
EndGlobal
